// !$*UTF8*$!
{
	archiveVersion = 1;
	classes = {
	};
	objectVersion = 56;
	objects = {

/* Begin PBXBuildFile section */
		93DC7D76299D929D00B92A9C /* AppDelegate.swift in Sources */ = {isa = PBXBuildFile; fileRef = 93DC7D75299D929D00B92A9C /* AppDelegate.swift */; };
		93DC7D78299D929D00B92A9C /* SceneDelegate.swift in Sources */ = {isa = PBXBuildFile; fileRef = 93DC7D77299D929D00B92A9C /* SceneDelegate.swift */; };
		93DC7D7A299D929D00B92A9C /* ViewController.swift in Sources */ = {isa = PBXBuildFile; fileRef = 93DC7D79299D929D00B92A9C /* ViewController.swift */; };
		93DC7D7D299D929D00B92A9C /* Main.storyboard in Resources */ = {isa = PBXBuildFile; fileRef = 93DC7D7B299D929D00B92A9C /* Main.storyboard */; };
		93DC7D7F299D929E00B92A9C /* Assets.xcassets in Resources */ = {isa = PBXBuildFile; fileRef = 93DC7D7E299D929E00B92A9C /* Assets.xcassets */; };
		93DC7D82299D929E00B92A9C /* LaunchScreen.storyboard in Resources */ = {isa = PBXBuildFile; fileRef = 93DC7D80299D929E00B92A9C /* LaunchScreen.storyboard */; };
		93DC7D8A299D92F400B92A9C /* Device.swift in Sources */ = {isa = PBXBuildFile; fileRef = 93DC7D89299D92F400B92A9C /* Device.swift */; };
		93DC7D8C299D934300B92A9C /* Device Controller.swift in Sources */ = {isa = PBXBuildFile; fileRef = 93DC7D8B299D934300B92A9C /* Device Controller.swift */; };
/* End PBXBuildFile section */

/* Begin PBXFileReference section */
		93DC7D72299D929D00B92A9C /* Smart-Home-Project.app */ = {isa = PBXFileReference; explicitFileType = wrapper.application; includeInIndex = 0; path = "Smart-Home-Project.app"; sourceTree = BUILT_PRODUCTS_DIR; };
		93DC7D75299D929D00B92A9C /* AppDelegate.swift */ = {isa = PBXFileReference; lastKnownFileType = sourcecode.swift; path = AppDelegate.swift; sourceTree = "<group>"; };
		93DC7D77299D929D00B92A9C /* SceneDelegate.swift */ = {isa = PBXFileReference; lastKnownFileType = sourcecode.swift; path = SceneDelegate.swift; sourceTree = "<group>"; };
		93DC7D79299D929D00B92A9C /* ViewController.swift */ = {isa = PBXFileReference; lastKnownFileType = sourcecode.swift; path = ViewController.swift; sourceTree = "<group>"; };
		93DC7D7C299D929D00B92A9C /* Base */ = {isa = PBXFileReference; lastKnownFileType = file.storyboard; name = Base; path = Base.lproj/Main.storyboard; sourceTree = "<group>"; };
		93DC7D7E299D929E00B92A9C /* Assets.xcassets */ = {isa = PBXFileReference; lastKnownFileType = folder.assetcatalog; path = Assets.xcassets; sourceTree = "<group>"; };
		93DC7D81299D929E00B92A9C /* Base */ = {isa = PBXFileReference; lastKnownFileType = file.storyboard; name = Base; path = Base.lproj/LaunchScreen.storyboard; sourceTree = "<group>"; };
		93DC7D83299D929E00B92A9C /* Info.plist */ = {isa = PBXFileReference; lastKnownFileType = text.plist.xml; path = Info.plist; sourceTree = "<group>"; };
		93DC7D89299D92F400B92A9C /* Device.swift */ = {isa = PBXFileReference; lastKnownFileType = sourcecode.swift; path = Device.swift; sourceTree = "<group>"; };
		93DC7D8B299D934300B92A9C /* Device Controller.swift */ = {isa = PBXFileReference; lastKnownFileType = sourcecode.swift; path = "Device Controller.swift"; sourceTree = "<group>"; };
/* End PBXFileReference section */

/* Begin PBXFrameworksBuildPhase section */
		93DC7D6F299D929D00B92A9C /* Frameworks */ = {
			isa = PBXFrameworksBuildPhase;
			buildActionMask = 2147483647;
			files = (
			);
			runOnlyForDeploymentPostprocessing = 0;
		};
/* End PBXFrameworksBuildPhase section */

/* Begin PBXGroup section */
		93DC7D69299D929D00B92A9C = {
			isa = PBXGroup;
			children = (
				93DC7D74299D929D00B92A9C /* Smart-Home-Project */,
				93DC7D73299D929D00B92A9C /* Products */,
			);
			sourceTree = "<group>";
		};
		93DC7D73299D929D00B92A9C /* Products */ = {
			isa = PBXGroup;
			children = (
				93DC7D72299D929D00B92A9C /* Smart-Home-Project.app */,
			);
			name = Products;
			sourceTree = "<group>";
		};
		93DC7D74299D929D00B92A9C /* Smart-Home-Project */ = {
			isa = PBXGroup;
			children = (
				93DC7D75299D929D00B92A9C /* AppDelegate.swift */,
				93DC7D77299D929D00B92A9C /* SceneDelegate.swift */,
				93DC7D79299D929D00B92A9C /* ViewController.swift */,
				93DC7D7B299D929D00B92A9C /* Main.storyboard */,
				93DC7D7E299D929E00B92A9C /* Assets.xcassets */,
				93DC7D80299D929E00B92A9C /* LaunchScreen.storyboard */,
				93DC7D83299D929E00B92A9C /* Info.plist */,
				93DC7D89299D92F400B92A9C /* Device.swift */,
				93DC7D8B299D934300B92A9C /* Device Controller.swift */,
			);
			path = "Smart-Home-Project";
			sourceTree = "<group>";
		};
/* End PBXGroup section */

/* Begin PBXNativeTarget section */
		93DC7D71299D929D00B92A9C /* Smart-Home-Project */ = {
			isa = PBXNativeTarget;
			buildConfigurationList = 93DC7D86299D929E00B92A9C /* Build configuration list for PBXNativeTarget "Smart-Home-Project" */;
			buildPhases = (
				93DC7D6E299D929D00B92A9C /* Sources */,
				93DC7D6F299D929D00B92A9C /* Frameworks */,
				93DC7D70299D929D00B92A9C /* Resources */,
			);
			buildRules = (
			);
			dependencies = (
			);
			name = "Smart-Home-Project";
			productName = "Smart-Home-Project";
			productReference = 93DC7D72299D929D00B92A9C /* Smart-Home-Project.app */;
			productType = "com.apple.product-type.application";
		};
/* End PBXNativeTarget section */

/* Begin PBXProject section */
		93DC7D6A299D929D00B92A9C /* Project object */ = {
			isa = PBXProject;
			attributes = {
				BuildIndependentTargetsInParallel = 1;
				LastSwiftUpdateCheck = 1420;
				LastUpgradeCheck = 1420;
				TargetAttributes = {
					93DC7D71299D929D00B92A9C = {
						CreatedOnToolsVersion = 14.2;
					};
				};
			};
			buildConfigurationList = 93DC7D6D299D929D00B92A9C /* Build configuration list for PBXProject "Smart-Home-Project" */;
			compatibilityVersion = "Xcode 14.0";
			developmentRegion = en;
			hasScannedForEncodings = 0;
			knownRegions = (
				en,
				Base,
			);
			mainGroup = 93DC7D69299D929D00B92A9C;
			productRefGroup = 93DC7D73299D929D00B92A9C /* Products */;
			projectDirPath = "";
			projectRoot = "";
			targets = (
				93DC7D71299D929D00B92A9C /* Smart-Home-Project */,
			);
		};
/* End PBXProject section */

/* Begin PBXResourcesBuildPhase section */
		93DC7D70299D929D00B92A9C /* Resources */ = {
			isa = PBXResourcesBuildPhase;
			buildActionMask = 2147483647;
			files = (
				93DC7D82299D929E00B92A9C /* LaunchScreen.storyboard in Resources */,
				93DC7D7F299D929E00B92A9C /* Assets.xcassets in Resources */,
				93DC7D7D299D929D00B92A9C /* Main.storyboard in Resources */,
			);
			runOnlyForDeploymentPostprocessing = 0;
		};
/* End PBXResourcesBuildPhase section */

/* Begin PBXSourcesBuildPhase section */
		93DC7D6E299D929D00B92A9C /* Sources */ = {
			isa = PBXSourcesBuildPhase;
			buildActionMask = 2147483647;
			files = (
				93DC7D7A299D929D00B92A9C /* ViewController.swift in Sources */,
				93DC7D8C299D934300B92A9C /* Device Controller.swift in Sources */,
				93DC7D76299D929D00B92A9C /* AppDelegate.swift in Sources */,
				93DC7D78299D929D00B92A9C /* SceneDelegate.swift in Sources */,
				93DC7D8A299D92F400B92A9C /* Device.swift in Sources */,
			);
			runOnlyForDeploymentPostprocessing = 0;
		};
/* End PBXSourcesBuildPhase section */

/* Begin PBXVariantGroup section */
		93DC7D7B299D929D00B92A9C /* Main.storyboard */ = {
			isa = PBXVariantGroup;
			children = (
				93DC7D7C299D929D00B92A9C /* Base */,
			);
			name = Main.storyboard;
			sourceTree = "<group>";
		};
		93DC7D80299D929E00B92A9C /* LaunchScreen.storyboard */ = {
			isa = PBXVariantGroup;
			children = (
				93DC7D81299D929E00B92A9C /* Base */,
			);
			name = LaunchScreen.storyboard;
			sourceTree = "<group>";
		};
/* End PBXVariantGroup section */

/* Begin XCBuildConfiguration section */
		93DC7D84299D929E00B92A9C /* Debug */ = {
			isa = XCBuildConfiguration;
			buildSettings = {
				ALWAYS_SEARCH_USER_PATHS = NO;
				CLANG_ANALYZER_NONNULL = YES;
				CLANG_ANALYZER_NUMBER_OBJECT_CONVERSION = YES_AGGRESSIVE;
				CLANG_CXX_LANGUAGE_STANDARD = "gnu++20";
				CLANG_ENABLE_MODULES = YES;
				CLANG_ENABLE_OBJC_ARC = YES;
				CLANG_ENABLE_OBJC_WEAK = YES;
				CLANG_WARN_BLOCK_CAPTURE_AUTORELEASING = YES;
				CLANG_WARN_BOOL_CONVERSION = YES;
				CLANG_WARN_COMMA = YES;
				CLANG_WARN_CONSTANT_CONVERSION = YES;
				CLANG_WARN_DEPRECATED_OBJC_IMPLEMENTATIONS = YES;
				CLANG_WARN_DIRECT_OBJC_ISA_USAGE = YES_ERROR;
				CLANG_WARN_DOCUMENTATION_COMMENTS = YES;
				CLANG_WARN_EMPTY_BODY = YES;
				CLANG_WARN_ENUM_CONVERSION = YES;
				CLANG_WARN_INFINITE_RECURSION = YES;
				CLANG_WARN_INT_CONVERSION = YES;
				CLANG_WARN_NON_LITERAL_NULL_CONVERSION = YES;
				CLANG_WARN_OBJC_IMPLICIT_RETAIN_SELF = YES;
				CLANG_WARN_OBJC_LITERAL_CONVERSION = YES;
				CLANG_WARN_OBJC_ROOT_CLASS = YES_ERROR;
				CLANG_WARN_QUOTED_INCLUDE_IN_FRAMEWORK_HEADER = YES;
				CLANG_WARN_RANGE_LOOP_ANALYSIS = YES;
				CLANG_WARN_STRICT_PROTOTYPES = YES;
				CLANG_WARN_SUSPICIOUS_MOVE = YES;
				CLANG_WARN_UNGUARDED_AVAILABILITY = YES_AGGRESSIVE;
				CLANG_WARN_UNREACHABLE_CODE = YES;
				CLANG_WARN__DUPLICATE_METHOD_MATCH = YES;
				COPY_PHASE_STRIP = NO;
				DEBUG_INFORMATION_FORMAT = dwarf;
				ENABLE_STRICT_OBJC_MSGSEND = YES;
				ENABLE_TESTABILITY = YES;
				GCC_C_LANGUAGE_STANDARD = gnu11;
				GCC_DYNAMIC_NO_PIC = NO;
				GCC_NO_COMMON_BLOCKS = YES;
				GCC_OPTIMIZATION_LEVEL = 0;
				GCC_PREPROCESSOR_DEFINITIONS = (
					"DEBUG=1",
					"$(inherited)",
				);
				GCC_WARN_64_TO_32_BIT_CONVERSION = YES;
				GCC_WARN_ABOUT_RETURN_TYPE = YES_ERROR;
				GCC_WARN_UNDECLARED_SELECTOR = YES;
				GCC_WARN_UNINITIALIZED_AUTOS = YES_AGGRESSIVE;
				GCC_WARN_UNUSED_FUNCTION = YES;
				GCC_WARN_UNUSED_VARIABLE = YES;
				IPHONEOS_DEPLOYMENT_TARGET = 16.2;
				MTL_ENABLE_DEBUG_INFO = INCLUDE_SOURCE;
				MTL_FAST_MATH = YES;
				ONLY_ACTIVE_ARCH = YES;
				SDKROOT = iphoneos;
				SWIFT_ACTIVE_COMPILATION_CONDITIONS = DEBUG;
				SWIFT_OPTIMIZATION_LEVEL = "-Onone";
			};
			name = Debug;
		};
		93DC7D85299D929E00B92A9C /* Release */ = {
			isa = XCBuildConfiguration;
			buildSettings = {
				ALWAYS_SEARCH_USER_PATHS = NO;
				CLANG_ANALYZER_NONNULL = YES;
				CLANG_ANALYZER_NUMBER_OBJECT_CONVERSION = YES_AGGRESSIVE;
				CLANG_CXX_LANGUAGE_STANDARD = "gnu++20";
				CLANG_ENABLE_MODULES = YES;
				CLANG_ENABLE_OBJC_ARC = YES;
				CLANG_ENABLE_OBJC_WEAK = YES;
				CLANG_WARN_BLOCK_CAPTURE_AUTORELEASING = YES;
				CLANG_WARN_BOOL_CONVERSION = YES;
				CLANG_WARN_COMMA = YES;
				CLANG_WARN_CONSTANT_CONVERSION = YES;
				CLANG_WARN_DEPRECATED_OBJC_IMPLEMENTATIONS = YES;
				CLANG_WARN_DIRECT_OBJC_ISA_USAGE = YES_ERROR;
				CLANG_WARN_DOCUMENTATION_COMMENTS = YES;
				CLANG_WARN_EMPTY_BODY = YES;
				CLANG_WARN_ENUM_CONVERSION = YES;
				CLANG_WARN_INFINITE_RECURSION = YES;
				CLANG_WARN_INT_CONVERSION = YES;
				CLANG_WARN_NON_LITERAL_NULL_CONVERSION = YES;
				CLANG_WARN_OBJC_IMPLICIT_RETAIN_SELF = YES;
				CLANG_WARN_OBJC_LITERAL_CONVERSION = YES;
				CLANG_WARN_OBJC_ROOT_CLASS = YES_ERROR;
				CLANG_WARN_QUOTED_INCLUDE_IN_FRAMEWORK_HEADER = YES;
				CLANG_WARN_RANGE_LOOP_ANALYSIS = YES;
				CLANG_WARN_STRICT_PROTOTYPES = YES;
				CLANG_WARN_SUSPICIOUS_MOVE = YES;
				CLANG_WARN_UNGUARDED_AVAILABILITY = YES_AGGRESSIVE;
				CLANG_WARN_UNREACHABLE_CODE = YES;
				CLANG_WARN__DUPLICATE_METHOD_MATCH = YES;
				COPY_PHASE_STRIP = NO;
				DEBUG_INFORMATION_FORMAT = "dwarf-with-dsym";
				ENABLE_NS_ASSERTIONS = NO;
				ENABLE_STRICT_OBJC_MSGSEND = YES;
				GCC_C_LANGUAGE_STANDARD = gnu11;
				GCC_NO_COMMON_BLOCKS = YES;
				GCC_WARN_64_TO_32_BIT_CONVERSION = YES;
				GCC_WARN_ABOUT_RETURN_TYPE = YES_ERROR;
				GCC_WARN_UNDECLARED_SELECTOR = YES;
				GCC_WARN_UNINITIALIZED_AUTOS = YES_AGGRESSIVE;
				GCC_WARN_UNUSED_FUNCTION = YES;
				GCC_WARN_UNUSED_VARIABLE = YES;
				IPHONEOS_DEPLOYMENT_TARGET = 16.2;
				MTL_ENABLE_DEBUG_INFO = NO;
				MTL_FAST_MATH = YES;
				SDKROOT = iphoneos;
				SWIFT_COMPILATION_MODE = wholemodule;
				SWIFT_OPTIMIZATION_LEVEL = "-O";
				VALIDATE_PRODUCT = YES;
			};
			name = Release;
		};
		93DC7D87299D929E00B92A9C /* Debug */ = {
			isa = XCBuildConfiguration;
			buildSettings = {
				ASSETCATALOG_COMPILER_APPICON_NAME = AppIcon;
				ASSETCATALOG_COMPILER_GLOBAL_ACCENT_COLOR_NAME = AccentColor;
				CODE_SIGN_STYLE = Automatic;
				CURRENT_PROJECT_VERSION = 1;
				DEVELOPMENT_TEAM = GSQU7BHG9R;
				GENERATE_INFOPLIST_FILE = YES;
				INFOPLIST_FILE = "Smart-Home-Project/Info.plist";
				INFOPLIST_KEY_UIApplicationSupportsIndirectInputEvents = YES;
				INFOPLIST_KEY_UILaunchStoryboardName = LaunchScreen;
				INFOPLIST_KEY_UIMainStoryboardFile = Main;
				INFOPLIST_KEY_UISupportedInterfaceOrientations_iPad = "UIInterfaceOrientationPortrait UIInterfaceOrientationPortraitUpsideDown UIInterfaceOrientationLandscapeLeft UIInterfaceOrientationLandscapeRight";
				INFOPLIST_KEY_UISupportedInterfaceOrientations_iPhone = "UIInterfaceOrientationPortrait UIInterfaceOrientationLandscapeLeft UIInterfaceOrientationLandscapeRight";
				LD_RUNPATH_SEARCH_PATHS = (
					"$(inherited)",
					"@executable_path/Frameworks",
				);
				MARKETING_VERSION = 1.0;
				PRODUCT_BUNDLE_IDENTIFIER = "SeaLions-CanCodeToo.Smart-Home-Project";
				PRODUCT_NAME = "$(TARGET_NAME)";
				SWIFT_EMIT_LOC_STRINGS = YES;
				SWIFT_VERSION = 5.0;
				TARGETED_DEVICE_FAMILY = "1,2";
			};
			name = Debug;
		};
		93DC7D88299D929E00B92A9C /* Release */ = {
			isa = XCBuildConfiguration;
			buildSettings = {
				ASSETCATALOG_COMPILER_APPICON_NAME = AppIcon;
				ASSETCATALOG_COMPILER_GLOBAL_ACCENT_COLOR_NAME = AccentColor;
				CODE_SIGN_STYLE = Automatic;
				CURRENT_PROJECT_VERSION = 1;
				DEVELOPMENT_TEAM = GSQU7BHG9R;
				GENERATE_INFOPLIST_FILE = YES;
				INFOPLIST_FILE = "Smart-Home-Project/Info.plist";
				INFOPLIST_KEY_UIApplicationSupportsIndirectInputEvents = YES;
				INFOPLIST_KEY_UILaunchStoryboardName = LaunchScreen;
				INFOPLIST_KEY_UIMainStoryboardFile = Main;
				INFOPLIST_KEY_UISupportedInterfaceOrientations_iPad = "UIInterfaceOrientationPortrait UIInterfaceOrientationPortraitUpsideDown UIInterfaceOrientationLandscapeLeft UIInterfaceOrientationLandscapeRight";
				INFOPLIST_KEY_UISupportedInterfaceOrientations_iPhone = "UIInterfaceOrientationPortrait UIInterfaceOrientationLandscapeLeft UIInterfaceOrientationLandscapeRight";
				LD_RUNPATH_SEARCH_PATHS = (
					"$(inherited)",
					"@executable_path/Frameworks",
				);
				MARKETING_VERSION = 1.0;
				PRODUCT_BUNDLE_IDENTIFIER = "SeaLions-CanCodeToo.Smart-Home-Project";
				PRODUCT_NAME = "$(TARGET_NAME)";
				SWIFT_EMIT_LOC_STRINGS = YES;
				SWIFT_VERSION = 5.0;
				TARGETED_DEVICE_FAMILY = "1,2";
			};
			name = Release;
		};
/* End XCBuildConfiguration section */

/* Begin XCConfigurationList section */
		93DC7D6D299D929D00B92A9C /* Build configuration list for PBXProject "Smart-Home-Project" */ = {
			isa = XCConfigurationList;
			buildConfigurations = (
				93DC7D84299D929E00B92A9C /* Debug */,
				93DC7D85299D929E00B92A9C /* Release */,
			);
			defaultConfigurationIsVisible = 0;
			defaultConfigurationName = Release;
		};
		93DC7D86299D929E00B92A9C /* Build configuration list for PBXNativeTarget "Smart-Home-Project" */ = {
			isa = XCConfigurationList;
			buildConfigurations = (
				93DC7D87299D929E00B92A9C /* Debug */,
				93DC7D88299D929E00B92A9C /* Release */,
			);
			defaultConfigurationIsVisible = 0;
			defaultConfigurationName = Release;
		};
/* End XCConfigurationList section */
	};
	rootObject = 93DC7D6A299D929D00B92A9C /* Project object */;
}
